
Microsoft Visual Studio Solution File, Format Version 12.00
# Visual Studio Version 17
VisualStudioVersion = 17.2.32630.192
MinimumVisualStudioVersion = 10.0.40219.1
Project("{FAE04EC0-301F-11D3-BF4B-00C04F79EFBC}") = "hw6sideT", "hw6sideT.csproj", "{2E9B6A52-E6F5-4B42-AFD8-6B7A4D5F50FC}"
EndProject
Global
	GlobalSection(SolutionConfigurationPlatforms) = preSolution
		Debug|Any CPU = Debug|Any CPU
		Release|Any CPU = Release|Any CPU
	EndGlobalSection
	GlobalSection(ProjectConfigurationPlatforms) = postSolution
		{2E9B6A52-E6F5-4B42-AFD8-6B7A4D5F50FC}.Debug|Any CPU.ActiveCfg = Debug|Any CPU
		{2E9B6A52-E6F5-4B42-AFD8-6B7A4D5F50FC}.Debug|Any CPU.Build.0 = Debug|Any CPU
		{2E9B6A52-E6F5-4B42-AFD8-6B7A4D5F50FC}.Release|Any CPU.ActiveCfg = Release|Any CPU
		{2E9B6A52-E6F5-4B42-AFD8-6B7A4D5F50FC}.Release|Any CPU.Build.0 = Release|Any CPU
	EndGlobalSection
	GlobalSection(SolutionProperties) = preSolution
		HideSolutionNode = FALSE
	EndGlobalSection
	GlobalSection(ExtensibilityGlobals) = postSolution
		SolutionGuid = {2E18A80A-32A1-47B0-A71B-E281F11AAD59}
	EndGlobalSection
EndGlobal
